# This file is autogenerated, do not edit; changes may be undone by the next 'dep ensure'.


[[projects]]
  branch = "v3"
  name = "github.com/jackc/pgx"
  packages = [".","chunkreader","internal/sanitize","pgio","pgproto3","pgtype","stdlib"]
  revision = "1c452a4a1e4585d60f7d2059a0b279fe991fd650"

[[projects]]
  branch = "master"
  name = "github.com/pkg/errors"
  packages = ["."]
  revision = "c605e284fe17294bda444b34710735b29d1a9d90"

[[projects]]
  name = "gopkg.in/guregu/null.v3"
  packages = ["."]
  revision = "41961cea0328defc5f95c1c473f89ebf0d1813f6"
  version = "v3.1"

[solve-meta]
  analyzer-name = "dep"
  analyzer-version = 1
  inputs-digest = "a9700b25ad160c2c274e2d4ad7612db29c0376eec0c28ca46993aa31cf7d4a98"
  solver-name = "gps-cdcl"
  solver-version = 1
