# This file is autogenerated, do not edit; changes may be undone by the next 'dep ensure'.


[[projects]]
  name = "github.com/jackc/pgx"
  packages = [".","chunkreader","internal/sanitize","pgio","pgproto3","pgtype","stdlib"]
  revision = "69494780a8906839b5d2e9a72640846e96fe183b"
  version = "v3.0.0"

[[projects]]
  name = "github.com/pkg/errors"
  packages = ["."]
  revision = "645ef00459ed84a119197bfb8d8205042c6df63d"
  version = "v0.8.0"

[[projects]]
  name = "gopkg.in/guregu/null.v3"
  packages = ["."]
  revision = "41961cea0328defc5f95c1c473f89ebf0d1813f6"
  version = "v3.1"

[solve-meta]
  analyzer-name = "dep"
  analyzer-version = 1
  inputs-digest = "f6ef8c931552d70e2ac0155326c820c5ab45d61d78994234d98d0b8795e4a875"
  solver-name = "gps-cdcl"
  solver-version = 1
